// !$*UTF8*$!
{
	archiveVersion = 1;
	classes = {
	};
	objectVersion = 50;
	objects = {

/* Begin PBXBuildFile section */
		F94608812312B1D4001F80D2 /* Synup_AssignmentTests.swift in Sources */ = {isa = PBXBuildFile; fileRef = F94608802312B1D4001F80D2 /* Synup_AssignmentTests.swift */; };
		F946088C2312B1D4001F80D2 /* Synup_AssignmentUITests.swift in Sources */ = {isa = PBXBuildFile; fileRef = F946088B2312B1D4001F80D2 /* Synup_AssignmentUITests.swift */; };
		F94608A22312B3D4001F80D2 /* Assets.xcassets in Resources */ = {isa = PBXBuildFile; fileRef = F946089A2312B3D4001F80D2 /* Assets.xcassets */; };
		F94608A32312B3D4001F80D2 /* LaunchScreen.storyboard in Resources */ = {isa = PBXBuildFile; fileRef = F946089B2312B3D4001F80D2 /* LaunchScreen.storyboard */; };
		F94608A42312B3D4001F80D2 /* Main.storyboard in Resources */ = {isa = PBXBuildFile; fileRef = F946089D2312B3D4001F80D2 /* Main.storyboard */; };
		F94608A62312B3D4001F80D2 /* AppDelegate.swift in Sources */ = {isa = PBXBuildFile; fileRef = F94608A12312B3D4001F80D2 /* AppDelegate.swift */; };
		F94608AD2312BB21001F80D2 /* Group.swift in Sources */ = {isa = PBXBuildFile; fileRef = F94608AC2312BB21001F80D2 /* Group.swift */; };
		F94608AE2312BB21001F80D2 /* Group.swift in Sources */ = {isa = PBXBuildFile; fileRef = F94608AC2312BB21001F80D2 /* Group.swift */; };
		F94608AF2312BB21001F80D2 /* Group.swift in Sources */ = {isa = PBXBuildFile; fileRef = F94608AC2312BB21001F80D2 /* Group.swift */; };
		F94608B12312BBE5001F80D2 /* Variant.swift in Sources */ = {isa = PBXBuildFile; fileRef = F94608B02312BBE5001F80D2 /* Variant.swift */; };
		F94608B22312BBE5001F80D2 /* Variant.swift in Sources */ = {isa = PBXBuildFile; fileRef = F94608B02312BBE5001F80D2 /* Variant.swift */; };
		F94608B32312BBE5001F80D2 /* Variant.swift in Sources */ = {isa = PBXBuildFile; fileRef = F94608B02312BBE5001F80D2 /* Variant.swift */; };
		F94608B62312BF7D001F80D2 /* HomeVC.swift in Sources */ = {isa = PBXBuildFile; fileRef = F94608B52312BF7D001F80D2 /* HomeVC.swift */; };
		F94608B72312BF7D001F80D2 /* HomeVC.swift in Sources */ = {isa = PBXBuildFile; fileRef = F94608B52312BF7D001F80D2 /* HomeVC.swift */; };
		F94608B82312BF7D001F80D2 /* HomeVC.swift in Sources */ = {isa = PBXBuildFile; fileRef = F94608B52312BF7D001F80D2 /* HomeVC.swift */; };
		F94608BA2312BFDC001F80D2 /* HomeVM.swift in Sources */ = {isa = PBXBuildFile; fileRef = F94608B92312BFDC001F80D2 /* HomeVM.swift */; };
		F94608BB2312BFDC001F80D2 /* HomeVM.swift in Sources */ = {isa = PBXBuildFile; fileRef = F94608B92312BFDC001F80D2 /* HomeVM.swift */; };
		F94608BC2312BFDC001F80D2 /* HomeVM.swift in Sources */ = {isa = PBXBuildFile; fileRef = F94608B92312BFDC001F80D2 /* HomeVM.swift */; };
		F94608C32312D419001F80D2 /* CollectionCell.swift in Sources */ = {isa = PBXBuildFile; fileRef = F94608BE2312D419001F80D2 /* CollectionCell.swift */; };
		F94608C42312D419001F80D2 /* CollectionCell.swift in Sources */ = {isa = PBXBuildFile; fileRef = F94608BE2312D419001F80D2 /* CollectionCell.swift */; };
		F94608C52312D419001F80D2 /* CollectionCell.swift in Sources */ = {isa = PBXBuildFile; fileRef = F94608BE2312D419001F80D2 /* CollectionCell.swift */; };
		F94608C62312D419001F80D2 /* Cell.swift in Sources */ = {isa = PBXBuildFile; fileRef = F94608BF2312D419001F80D2 /* Cell.swift */; };
		F94608C72312D419001F80D2 /* Cell.swift in Sources */ = {isa = PBXBuildFile; fileRef = F94608BF2312D419001F80D2 /* Cell.swift */; };
		F94608C82312D419001F80D2 /* Cell.swift in Sources */ = {isa = PBXBuildFile; fileRef = F94608BF2312D419001F80D2 /* Cell.swift */; };
		F94608C92312D419001F80D2 /* JSON.swift in Sources */ = {isa = PBXBuildFile; fileRef = F94608C02312D419001F80D2 /* JSON.swift */; };
		F94608CA2312D419001F80D2 /* JSON.swift in Sources */ = {isa = PBXBuildFile; fileRef = F94608C02312D419001F80D2 /* JSON.swift */; };
		F94608CB2312D419001F80D2 /* JSON.swift in Sources */ = {isa = PBXBuildFile; fileRef = F94608C02312D419001F80D2 /* JSON.swift */; };
		F94608CC2312D419001F80D2 /* TableView.swift in Sources */ = {isa = PBXBuildFile; fileRef = F94608C12312D419001F80D2 /* TableView.swift */; };
		F94608CD2312D419001F80D2 /* TableView.swift in Sources */ = {isa = PBXBuildFile; fileRef = F94608C12312D419001F80D2 /* TableView.swift */; };
		F94608CE2312D419001F80D2 /* TableView.swift in Sources */ = {isa = PBXBuildFile; fileRef = F94608C12312D419001F80D2 /* TableView.swift */; };
		F94608CF2312D419001F80D2 /* TableCell.swift in Sources */ = {isa = PBXBuildFile; fileRef = F94608C22312D419001F80D2 /* TableCell.swift */; };
		F94608D02312D419001F80D2 /* TableCell.swift in Sources */ = {isa = PBXBuildFile; fileRef = F94608C22312D419001F80D2 /* TableCell.swift */; };
		F94608D12312D419001F80D2 /* TableCell.swift in Sources */ = {isa = PBXBuildFile; fileRef = F94608C22312D419001F80D2 /* TableCell.swift */; };
		F94608D82312D766001F80D2 /* JSONQuery.swift in Sources */ = {isa = PBXBuildFile; fileRef = F94608D72312D766001F80D2 /* JSONQuery.swift */; };
		F94608D92312D766001F80D2 /* JSONQuery.swift in Sources */ = {isa = PBXBuildFile; fileRef = F94608D72312D766001F80D2 /* JSONQuery.swift */; };
		F94608DA2312D766001F80D2 /* JSONQuery.swift in Sources */ = {isa = PBXBuildFile; fileRef = F94608D72312D766001F80D2 /* JSONQuery.swift */; };
		F94608DD2312D7FF001F80D2 /* GroupsService.swift in Sources */ = {isa = PBXBuildFile; fileRef = F94608DC2312D7FF001F80D2 /* GroupsService.swift */; };
		F94608DE2312D7FF001F80D2 /* GroupsService.swift in Sources */ = {isa = PBXBuildFile; fileRef = F94608DC2312D7FF001F80D2 /* GroupsService.swift */; };
		F94608DF2312D7FF001F80D2 /* GroupsService.swift in Sources */ = {isa = PBXBuildFile; fileRef = F94608DC2312D7FF001F80D2 /* GroupsService.swift */; };
		F94608E12312DA37001F80D2 /* Constants.swift in Sources */ = {isa = PBXBuildFile; fileRef = F94608E02312DA37001F80D2 /* Constants.swift */; };
		F94608E22312DA37001F80D2 /* Constants.swift in Sources */ = {isa = PBXBuildFile; fileRef = F94608E02312DA37001F80D2 /* Constants.swift */; };
		F94608E32312DA37001F80D2 /* Constants.swift in Sources */ = {isa = PBXBuildFile; fileRef = F94608E02312DA37001F80D2 /* Constants.swift */; };
		F94608E52312EE4B001F80D2 /* VariantTableViewCell.swift in Sources */ = {isa = PBXBuildFile; fileRef = F94608E42312EE4B001F80D2 /* VariantTableViewCell.swift */; };
		F94608E62312EE4B001F80D2 /* VariantTableViewCell.swift in Sources */ = {isa = PBXBuildFile; fileRef = F94608E42312EE4B001F80D2 /* VariantTableViewCell.swift */; };
		F94608E72312EE4B001F80D2 /* VariantTableViewCell.swift in Sources */ = {isa = PBXBuildFile; fileRef = F94608E42312EE4B001F80D2 /* VariantTableViewCell.swift */; };
		F94608E9231315AD001F80D2 /* Exclusion.swift in Sources */ = {isa = PBXBuildFile; fileRef = F94608E8231315AD001F80D2 /* Exclusion.swift */; };
		F94608EA231315AD001F80D2 /* Exclusion.swift in Sources */ = {isa = PBXBuildFile; fileRef = F94608E8231315AD001F80D2 /* Exclusion.swift */; };
		F94608EB231315AD001F80D2 /* Exclusion.swift in Sources */ = {isa = PBXBuildFile; fileRef = F94608E8231315AD001F80D2 /* Exclusion.swift */; };
/* End PBXBuildFile section */

/* Begin PBXContainerItemProxy section */
		F946087D2312B1D4001F80D2 /* PBXContainerItemProxy */ = {
			isa = PBXContainerItemProxy;
			containerPortal = F94608602312B1D2001F80D2 /* Project object */;
			proxyType = 1;
			remoteGlobalIDString = F94608672312B1D2001F80D2;
			remoteInfo = Synup_Assignment;
		};
		F94608882312B1D4001F80D2 /* PBXContainerItemProxy */ = {
			isa = PBXContainerItemProxy;
			containerPortal = F94608602312B1D2001F80D2 /* Project object */;
			proxyType = 1;
			remoteGlobalIDString = F94608672312B1D2001F80D2;
			remoteInfo = Synup_Assignment;
		};
/* End PBXContainerItemProxy section */

/* Begin PBXFileReference section */
		F94608682312B1D2001F80D2 /* Synup_Assignment.app */ = {isa = PBXFileReference; explicitFileType = wrapper.application; includeInIndex = 0; path = Synup_Assignment.app; sourceTree = BUILT_PRODUCTS_DIR; };
		F946087C2312B1D4001F80D2 /* Synup_AssignmentTests.xctest */ = {isa = PBXFileReference; explicitFileType = wrapper.cfbundle; includeInIndex = 0; path = Synup_AssignmentTests.xctest; sourceTree = BUILT_PRODUCTS_DIR; };
		F94608802312B1D4001F80D2 /* Synup_AssignmentTests.swift */ = {isa = PBXFileReference; lastKnownFileType = sourcecode.swift; path = Synup_AssignmentTests.swift; sourceTree = "<group>"; };
		F94608822312B1D4001F80D2 /* Info.plist */ = {isa = PBXFileReference; lastKnownFileType = text.plist.xml; path = Info.plist; sourceTree = "<group>"; };
		F94608872312B1D4001F80D2 /* Synup_AssignmentUITests.xctest */ = {isa = PBXFileReference; explicitFileType = wrapper.cfbundle; includeInIndex = 0; path = Synup_AssignmentUITests.xctest; sourceTree = BUILT_PRODUCTS_DIR; };
		F946088B2312B1D4001F80D2 /* Synup_AssignmentUITests.swift */ = {isa = PBXFileReference; lastKnownFileType = sourcecode.swift; path = Synup_AssignmentUITests.swift; sourceTree = "<group>"; };
		F946088D2312B1D4001F80D2 /* Info.plist */ = {isa = PBXFileReference; lastKnownFileType = text.plist.xml; path = Info.plist; sourceTree = "<group>"; };
		F946089A2312B3D4001F80D2 /* Assets.xcassets */ = {isa = PBXFileReference; lastKnownFileType = folder.assetcatalog; path = Assets.xcassets; sourceTree = "<group>"; };
		F946089C2312B3D4001F80D2 /* Base */ = {isa = PBXFileReference; lastKnownFileType = file.storyboard; name = Base; path = Base.lproj/LaunchScreen.storyboard; sourceTree = "<group>"; };
		F946089E2312B3D4001F80D2 /* Base */ = {isa = PBXFileReference; lastKnownFileType = file.storyboard; name = Base; path = Base.lproj/Main.storyboard; sourceTree = "<group>"; };
		F946089F2312B3D4001F80D2 /* Info.plist */ = {isa = PBXFileReference; fileEncoding = 4; lastKnownFileType = text.plist.xml; path = Info.plist; sourceTree = "<group>"; };
		F94608A12312B3D4001F80D2 /* AppDelegate.swift */ = {isa = PBXFileReference; fileEncoding = 4; lastKnownFileType = sourcecode.swift; path = AppDelegate.swift; sourceTree = "<group>"; };
		F94608AC2312BB21001F80D2 /* Group.swift */ = {isa = PBXFileReference; lastKnownFileType = sourcecode.swift; path = Group.swift; sourceTree = "<group>"; };
		F94608B02312BBE5001F80D2 /* Variant.swift */ = {isa = PBXFileReference; lastKnownFileType = sourcecode.swift; path = Variant.swift; sourceTree = "<group>"; };
		F94608B52312BF7D001F80D2 /* HomeVC.swift */ = {isa = PBXFileReference; lastKnownFileType = sourcecode.swift; path = HomeVC.swift; sourceTree = "<group>"; };
		F94608B92312BFDC001F80D2 /* HomeVM.swift */ = {isa = PBXFileReference; lastKnownFileType = sourcecode.swift; path = HomeVM.swift; sourceTree = "<group>"; };
		F94608BE2312D419001F80D2 /* CollectionCell.swift */ = {isa = PBXFileReference; fileEncoding = 4; lastKnownFileType = sourcecode.swift; path = CollectionCell.swift; sourceTree = "<group>"; };
		F94608BF2312D419001F80D2 /* Cell.swift */ = {isa = PBXFileReference; fileEncoding = 4; lastKnownFileType = sourcecode.swift; path = Cell.swift; sourceTree = "<group>"; };
		F94608C02312D419001F80D2 /* JSON.swift */ = {isa = PBXFileReference; fileEncoding = 4; lastKnownFileType = sourcecode.swift; path = JSON.swift; sourceTree = "<group>"; };
		F94608C12312D419001F80D2 /* TableView.swift */ = {isa = PBXFileReference; fileEncoding = 4; lastKnownFileType = sourcecode.swift; path = TableView.swift; sourceTree = "<group>"; };
		F94608C22312D419001F80D2 /* TableCell.swift */ = {isa = PBXFileReference; fileEncoding = 4; lastKnownFileType = sourcecode.swift; path = TableCell.swift; sourceTree = "<group>"; };
		F94608D72312D766001F80D2 /* JSONQuery.swift */ = {isa = PBXFileReference; fileEncoding = 4; lastKnownFileType = sourcecode.swift; path = JSONQuery.swift; sourceTree = "<group>"; };
		F94608DC2312D7FF001F80D2 /* GroupsService.swift */ = {isa = PBXFileReference; lastKnownFileType = sourcecode.swift; path = GroupsService.swift; sourceTree = "<group>"; };
		F94608E02312DA37001F80D2 /* Constants.swift */ = {isa = PBXFileReference; lastKnownFileType = sourcecode.swift; path = Constants.swift; sourceTree = "<group>"; };
		F94608E42312EE4B001F80D2 /* VariantTableViewCell.swift */ = {isa = PBXFileReference; lastKnownFileType = sourcecode.swift; path = VariantTableViewCell.swift; sourceTree = "<group>"; };
		F94608E8231315AD001F80D2 /* Exclusion.swift */ = {isa = PBXFileReference; lastKnownFileType = sourcecode.swift; path = Exclusion.swift; sourceTree = "<group>"; };
/* End PBXFileReference section */

/* Begin PBXFrameworksBuildPhase section */
		F94608652312B1D2001F80D2 /* Frameworks */ = {
			isa = PBXFrameworksBuildPhase;
			buildActionMask = 2147483647;
			files = (
			);
			runOnlyForDeploymentPostprocessing = 0;
		};
		F94608792312B1D4001F80D2 /* Frameworks */ = {
			isa = PBXFrameworksBuildPhase;
			buildActionMask = 2147483647;
			files = (
			);
			runOnlyForDeploymentPostprocessing = 0;
		};
		F94608842312B1D4001F80D2 /* Frameworks */ = {
			isa = PBXFrameworksBuildPhase;
			buildActionMask = 2147483647;
			files = (
			);
			runOnlyForDeploymentPostprocessing = 0;
		};
/* End PBXFrameworksBuildPhase section */

/* Begin PBXGroup section */
		F946085F2312B1D2001F80D2 = {
			isa = PBXGroup;
			children = (
				F946086A2312B1D2001F80D2 /* Synup_Assignment */,
				F946087F2312B1D4001F80D2 /* Synup_AssignmentTests */,
				F946088A2312B1D4001F80D2 /* Synup_AssignmentUITests */,
				F94608692312B1D2001F80D2 /* Products */,
			);
			sourceTree = "<group>";
		};
		F94608692312B1D2001F80D2 /* Products */ = {
			isa = PBXGroup;
			children = (
				F94608682312B1D2001F80D2 /* Synup_Assignment.app */,
				F946087C2312B1D4001F80D2 /* Synup_AssignmentTests.xctest */,
				F94608872312B1D4001F80D2 /* Synup_AssignmentUITests.xctest */,
			);
			name = Products;
			sourceTree = "<group>";
		};
		F946086A2312B1D2001F80D2 /* Synup_Assignment */ = {
			isa = PBXGroup;
			children = (
				F94608D62312D716001F80D2 /* Web Service */,
				F94608BD2312D419001F80D2 /* Generic */,
				F94608A72312BAED001F80D2 /* Extensions */,
				F94608A82312BAED001F80D2 /* Modules */,
				F94608A02312B3D4001F80D2 /* App Delegate */,
				F94608992312B3D4001F80D2 /* Resources */,
			);
			path = Synup_Assignment;
			sourceTree = "<group>";
		};
		F946087F2312B1D4001F80D2 /* Synup_AssignmentTests */ = {
			isa = PBXGroup;
			children = (
				F94608802312B1D4001F80D2 /* Synup_AssignmentTests.swift */,
				F94608822312B1D4001F80D2 /* Info.plist */,
			);
			path = Synup_AssignmentTests;
			sourceTree = "<group>";
		};
		F946088A2312B1D4001F80D2 /* Synup_AssignmentUITests */ = {
			isa = PBXGroup;
			children = (
				F946088B2312B1D4001F80D2 /* Synup_AssignmentUITests.swift */,
				F946088D2312B1D4001F80D2 /* Info.plist */,
			);
			path = Synup_AssignmentUITests;
			sourceTree = "<group>";
		};
		F94608992312B3D4001F80D2 /* Resources */ = {
			isa = PBXGroup;
			children = (
				F946089A2312B3D4001F80D2 /* Assets.xcassets */,
				F946089B2312B3D4001F80D2 /* LaunchScreen.storyboard */,
				F946089D2312B3D4001F80D2 /* Main.storyboard */,
				F946089F2312B3D4001F80D2 /* Info.plist */,
				F94608E02312DA37001F80D2 /* Constants.swift */,
			);
			path = Resources;
			sourceTree = "<group>";
		};
		F94608A02312B3D4001F80D2 /* App Delegate */ = {
			isa = PBXGroup;
			children = (
				F94608A12312B3D4001F80D2 /* AppDelegate.swift */,
			);
			path = "App Delegate";
			sourceTree = "<group>";
		};
		F94608A72312BAED001F80D2 /* Extensions */ = {
			isa = PBXGroup;
			children = (
			);
			path = Extensions;
			sourceTree = "<group>";
		};
		F94608A82312BAED001F80D2 /* Modules */ = {
			isa = PBXGroup;
			children = (
				F94608A92312BAED001F80D2 /* ViewModel */,
				F94608AA2312BAED001F80D2 /* Model */,
				F94608AB2312BAED001F80D2 /* View */,
			);
			path = Modules;
			sourceTree = "<group>";
		};
		F94608A92312BAED001F80D2 /* ViewModel */ = {
			isa = PBXGroup;
			children = (
				F94608B92312BFDC001F80D2 /* HomeVM.swift */,
			);
			path = ViewModel;
			sourceTree = "<group>";
		};
		F94608AA2312BAED001F80D2 /* Model */ = {
			isa = PBXGroup;
			children = (
				F94608AC2312BB21001F80D2 /* Group.swift */,
				F94608B02312BBE5001F80D2 /* Variant.swift */,
				F94608E8231315AD001F80D2 /* Exclusion.swift */,
			);
			path = Model;
			sourceTree = "<group>";
		};
		F94608AB2312BAED001F80D2 /* View */ = {
			isa = PBXGroup;
			children = (
				F94608B42312BF74001F80D2 /* Home */,
			);
			path = View;
			sourceTree = "<group>";
		};
		F94608B42312BF74001F80D2 /* Home */ = {
			isa = PBXGroup;
			children = (
				F94608B52312BF7D001F80D2 /* HomeVC.swift */,
				F94608E42312EE4B001F80D2 /* VariantTableViewCell.swift */,
			);
			path = Home;
			sourceTree = "<group>";
		};
		F94608BD2312D419001F80D2 /* Generic */ = {
			isa = PBXGroup;
			children = (
				F94608BE2312D419001F80D2 /* CollectionCell.swift */,
				F94608BF2312D419001F80D2 /* Cell.swift */,
				F94608C02312D419001F80D2 /* JSON.swift */,
				F94608C12312D419001F80D2 /* TableView.swift */,
				F94608C22312D419001F80D2 /* TableCell.swift */,
			);
			path = Generic;
			sourceTree = "<group>";
		};
		F94608D62312D716001F80D2 /* Web Service */ = {
			isa = PBXGroup;
			children = (
				F94608DB2312D7EE001F80D2 /* Services */,
				F94608D72312D766001F80D2 /* JSONQuery.swift */,
			);
			path = "Web Service";
			sourceTree = "<group>";
		};
		F94608DB2312D7EE001F80D2 /* Services */ = {
			isa = PBXGroup;
			children = (
				F94608DC2312D7FF001F80D2 /* GroupsService.swift */,
			);
			path = Services;
			sourceTree = "<group>";
		};
/* End PBXGroup section */

/* Begin PBXNativeTarget section */
		F94608672312B1D2001F80D2 /* Synup_Assignment */ = {
			isa = PBXNativeTarget;
			buildConfigurationList = F94608902312B1D4001F80D2 /* Build configuration list for PBXNativeTarget "Synup_Assignment" */;
			buildPhases = (
				F94608642312B1D2001F80D2 /* Sources */,
				F94608652312B1D2001F80D2 /* Frameworks */,
				F94608662312B1D2001F80D2 /* Resources */,
			);
			buildRules = (
			);
			dependencies = (
			);
			name = Synup_Assignment;
			productName = Synup_Assignment;
			productReference = F94608682312B1D2001F80D2 /* Synup_Assignment.app */;
			productType = "com.apple.product-type.application";
		};
		F946087B2312B1D4001F80D2 /* Synup_AssignmentTests */ = {
			isa = PBXNativeTarget;
			buildConfigurationList = F94608932312B1D4001F80D2 /* Build configuration list for PBXNativeTarget "Synup_AssignmentTests" */;
			buildPhases = (
				F94608782312B1D4001F80D2 /* Sources */,
				F94608792312B1D4001F80D2 /* Frameworks */,
				F946087A2312B1D4001F80D2 /* Resources */,
			);
			buildRules = (
			);
			dependencies = (
				F946087E2312B1D4001F80D2 /* PBXTargetDependency */,
			);
			name = Synup_AssignmentTests;
			productName = Synup_AssignmentTests;
			productReference = F946087C2312B1D4001F80D2 /* Synup_AssignmentTests.xctest */;
			productType = "com.apple.product-type.bundle.unit-test";
		};
		F94608862312B1D4001F80D2 /* Synup_AssignmentUITests */ = {
			isa = PBXNativeTarget;
			buildConfigurationList = F94608962312B1D4001F80D2 /* Build configuration list for PBXNativeTarget "Synup_AssignmentUITests" */;
			buildPhases = (
				F94608832312B1D4001F80D2 /* Sources */,
				F94608842312B1D4001F80D2 /* Frameworks */,
				F94608852312B1D4001F80D2 /* Resources */,
			);
			buildRules = (
			);
			dependencies = (
				F94608892312B1D4001F80D2 /* PBXTargetDependency */,
			);
			name = Synup_AssignmentUITests;
			productName = Synup_AssignmentUITests;
			productReference = F94608872312B1D4001F80D2 /* Synup_AssignmentUITests.xctest */;
			productType = "com.apple.product-type.bundle.ui-testing";
		};
/* End PBXNativeTarget section */

/* Begin PBXProject section */
		F94608602312B1D2001F80D2 /* Project object */ = {
			isa = PBXProject;
			attributes = {
				LastSwiftUpdateCheck = 1030;
				LastUpgradeCheck = 1030;
				ORGANIZATIONNAME = Apoorv;
				TargetAttributes = {
					F94608672312B1D2001F80D2 = {
						CreatedOnToolsVersion = 10.3;
					};
					F946087B2312B1D4001F80D2 = {
						CreatedOnToolsVersion = 10.3;
						TestTargetID = F94608672312B1D2001F80D2;
					};
					F94608862312B1D4001F80D2 = {
						CreatedOnToolsVersion = 10.3;
						TestTargetID = F94608672312B1D2001F80D2;
					};
				};
			};
			buildConfigurationList = F94608632312B1D2001F80D2 /* Build configuration list for PBXProject "Synup_Assignment" */;
			compatibilityVersion = "Xcode 9.3";
			developmentRegion = en;
			hasScannedForEncodings = 0;
			knownRegions = (
				en,
				Base,
			);
			mainGroup = F946085F2312B1D2001F80D2;
			productRefGroup = F94608692312B1D2001F80D2 /* Products */;
			projectDirPath = "";
			projectRoot = "";
			targets = (
				F94608672312B1D2001F80D2 /* Synup_Assignment */,
				F946087B2312B1D4001F80D2 /* Synup_AssignmentTests */,
				F94608862312B1D4001F80D2 /* Synup_AssignmentUITests */,
			);
		};
/* End PBXProject section */

/* Begin PBXResourcesBuildPhase section */
		F94608662312B1D2001F80D2 /* Resources */ = {
			isa = PBXResourcesBuildPhase;
			buildActionMask = 2147483647;
			files = (
				F94608A42312B3D4001F80D2 /* Main.storyboard in Resources */,
				F94608A22312B3D4001F80D2 /* Assets.xcassets in Resources */,
				F94608A32312B3D4001F80D2 /* LaunchScreen.storyboard in Resources */,
			);
			runOnlyForDeploymentPostprocessing = 0;
		};
		F946087A2312B1D4001F80D2 /* Resources */ = {
			isa = PBXResourcesBuildPhase;
			buildActionMask = 2147483647;
			files = (
			);
			runOnlyForDeploymentPostprocessing = 0;
		};
		F94608852312B1D4001F80D2 /* Resources */ = {
			isa = PBXResourcesBuildPhase;
			buildActionMask = 2147483647;
			files = (
			);
			runOnlyForDeploymentPostprocessing = 0;
		};
/* End PBXResourcesBuildPhase section */

/* Begin PBXSourcesBuildPhase section */
		F94608642312B1D2001F80D2 /* Sources */ = {
			isa = PBXSourcesBuildPhase;
			buildActionMask = 2147483647;
			files = (
				F94608CF2312D419001F80D2 /* TableCell.swift in Sources */,
				F94608B12312BBE5001F80D2 /* Variant.swift in Sources */,
				F94608BA2312BFDC001F80D2 /* HomeVM.swift in Sources */,
				F94608E52312EE4B001F80D2 /* VariantTableViewCell.swift in Sources */,
				F94608C62312D419001F80D2 /* Cell.swift in Sources */,
				F94608B62312BF7D001F80D2 /* HomeVC.swift in Sources */,
				F94608CC2312D419001F80D2 /* TableView.swift in Sources */,
				F94608D82312D766001F80D2 /* JSONQuery.swift in Sources */,
				F94608DD2312D7FF001F80D2 /* GroupsService.swift in Sources */,
				F94608A62312B3D4001F80D2 /* AppDelegate.swift in Sources */,
				F94608AD2312BB21001F80D2 /* Group.swift in Sources */,
				F94608E9231315AD001F80D2 /* Exclusion.swift in Sources */,
				F94608E12312DA37001F80D2 /* Constants.swift in Sources */,
				F94608C32312D419001F80D2 /* CollectionCell.swift in Sources */,
				F94608C92312D419001F80D2 /* JSON.swift in Sources */,
			);
			runOnlyForDeploymentPostprocessing = 0;
		};
		F94608782312B1D4001F80D2 /* Sources */ = {
			isa = PBXSourcesBuildPhase;
			buildActionMask = 2147483647;
			files = (
				F94608D02312D419001F80D2 /* TableCell.swift in Sources */,
				F94608B22312BBE5001F80D2 /* Variant.swift in Sources */,
				F94608BB2312BFDC001F80D2 /* HomeVM.swift in Sources */,
				F94608E62312EE4B001F80D2 /* VariantTableViewCell.swift in Sources */,
				F94608C72312D419001F80D2 /* Cell.swift in Sources */,
				F94608B72312BF7D001F80D2 /* HomeVC.swift in Sources */,
				F94608CD2312D419001F80D2 /* TableView.swift in Sources */,
				F94608D92312D766001F80D2 /* JSONQuery.swift in Sources */,
				F94608DE2312D7FF001F80D2 /* GroupsService.swift in Sources */,
				F94608812312B1D4001F80D2 /* Synup_AssignmentTests.swift in Sources */,
				F94608AE2312BB21001F80D2 /* Group.swift in Sources */,
				F94608EA231315AD001F80D2 /* Exclusion.swift in Sources */,
				F94608E22312DA37001F80D2 /* Constants.swift in Sources */,
				F94608C42312D419001F80D2 /* CollectionCell.swift in Sources */,
				F94608CA2312D419001F80D2 /* JSON.swift in Sources */,
			);
			runOnlyForDeploymentPostprocessing = 0;
		};
		F94608832312B1D4001F80D2 /* Sources */ = {
			isa = PBXSourcesBuildPhase;
			buildActionMask = 2147483647;
			files = (
				F94608D12312D419001F80D2 /* TableCell.swift in Sources */,
				F94608B32312BBE5001F80D2 /* Variant.swift in Sources */,
				F94608BC2312BFDC001F80D2 /* HomeVM.swift in Sources */,
				F94608E72312EE4B001F80D2 /* VariantTableViewCell.swift in Sources */,
				F94608C82312D419001F80D2 /* Cell.swift in Sources */,
				F94608B82312BF7D001F80D2 /* HomeVC.swift in Sources */,
				F94608CE2312D419001F80D2 /* TableView.swift in Sources */,
				F94608DA2312D766001F80D2 /* JSONQuery.swift in Sources */,
				F94608DF2312D7FF001F80D2 /* GroupsService.swift in Sources */,
				F946088C2312B1D4001F80D2 /* Synup_AssignmentUITests.swift in Sources */,
				F94608AF2312BB21001F80D2 /* Group.swift in Sources */,
				F94608EB231315AD001F80D2 /* Exclusion.swift in Sources */,
				F94608E32312DA37001F80D2 /* Constants.swift in Sources */,
				F94608C52312D419001F80D2 /* CollectionCell.swift in Sources */,
				F94608CB2312D419001F80D2 /* JSON.swift in Sources */,
			);
			runOnlyForDeploymentPostprocessing = 0;
		};
/* End PBXSourcesBuildPhase section */

/* Begin PBXTargetDependency section */
		F946087E2312B1D4001F80D2 /* PBXTargetDependency */ = {
			isa = PBXTargetDependency;
			target = F94608672312B1D2001F80D2 /* Synup_Assignment */;
			targetProxy = F946087D2312B1D4001F80D2 /* PBXContainerItemProxy */;
		};
		F94608892312B1D4001F80D2 /* PBXTargetDependency */ = {
			isa = PBXTargetDependency;
			target = F94608672312B1D2001F80D2 /* Synup_Assignment */;
			targetProxy = F94608882312B1D4001F80D2 /* PBXContainerItemProxy */;
		};
/* End PBXTargetDependency section */

/* Begin PBXVariantGroup section */
		F946089B2312B3D4001F80D2 /* LaunchScreen.storyboard */ = {
			isa = PBXVariantGroup;
			children = (
				F946089C2312B3D4001F80D2 /* Base */,
			);
			name = LaunchScreen.storyboard;
			sourceTree = "<group>";
		};
		F946089D2312B3D4001F80D2 /* Main.storyboard */ = {
			isa = PBXVariantGroup;
			children = (
				F946089E2312B3D4001F80D2 /* Base */,
			);
			name = Main.storyboard;
			sourceTree = "<group>";
		};
/* End PBXVariantGroup section */

/* Begin XCBuildConfiguration section */
		F946088E2312B1D4001F80D2 /* Debug */ = {
			isa = XCBuildConfiguration;
			buildSettings = {
				ALWAYS_SEARCH_USER_PATHS = NO;
				CLANG_ANALYZER_NONNULL = YES;
				CLANG_ANALYZER_NUMBER_OBJECT_CONVERSION = YES_AGGRESSIVE;
				CLANG_CXX_LANGUAGE_STANDARD = "gnu++14";
				CLANG_CXX_LIBRARY = "libc++";
				CLANG_ENABLE_MODULES = YES;
				CLANG_ENABLE_OBJC_ARC = YES;
				CLANG_ENABLE_OBJC_WEAK = YES;
				CLANG_WARN_BLOCK_CAPTURE_AUTORELEASING = YES;
				CLANG_WARN_BOOL_CONVERSION = YES;
				CLANG_WARN_COMMA = YES;
				CLANG_WARN_CONSTANT_CONVERSION = YES;
				CLANG_WARN_DEPRECATED_OBJC_IMPLEMENTATIONS = YES;
				CLANG_WARN_DIRECT_OBJC_ISA_USAGE = YES_ERROR;
				CLANG_WARN_DOCUMENTATION_COMMENTS = YES;
				CLANG_WARN_EMPTY_BODY = YES;
				CLANG_WARN_ENUM_CONVERSION = YES;
				CLANG_WARN_INFINITE_RECURSION = YES;
				CLANG_WARN_INT_CONVERSION = YES;
				CLANG_WARN_NON_LITERAL_NULL_CONVERSION = YES;
				CLANG_WARN_OBJC_IMPLICIT_RETAIN_SELF = YES;
				CLANG_WARN_OBJC_LITERAL_CONVERSION = YES;
				CLANG_WARN_OBJC_ROOT_CLASS = YES_ERROR;
				CLANG_WARN_RANGE_LOOP_ANALYSIS = YES;
				CLANG_WARN_STRICT_PROTOTYPES = YES;
				CLANG_WARN_SUSPICIOUS_MOVE = YES;
				CLANG_WARN_UNGUARDED_AVAILABILITY = YES_AGGRESSIVE;
				CLANG_WARN_UNREACHABLE_CODE = YES;
				CLANG_WARN__DUPLICATE_METHOD_MATCH = YES;
				CODE_SIGN_IDENTITY = "iPhone Developer";
				COPY_PHASE_STRIP = NO;
				DEBUG_INFORMATION_FORMAT = dwarf;
				ENABLE_STRICT_OBJC_MSGSEND = YES;
				ENABLE_TESTABILITY = YES;
				GCC_C_LANGUAGE_STANDARD = gnu11;
				GCC_DYNAMIC_NO_PIC = NO;
				GCC_NO_COMMON_BLOCKS = YES;
				GCC_OPTIMIZATION_LEVEL = 0;
				GCC_PREPROCESSOR_DEFINITIONS = (
					"DEBUG=1",
					"$(inherited)",
				);
				GCC_WARN_64_TO_32_BIT_CONVERSION = YES;
				GCC_WARN_ABOUT_RETURN_TYPE = YES_ERROR;
				GCC_WARN_UNDECLARED_SELECTOR = YES;
				GCC_WARN_UNINITIALIZED_AUTOS = YES_AGGRESSIVE;
				GCC_WARN_UNUSED_FUNCTION = YES;
				GCC_WARN_UNUSED_VARIABLE = YES;
				IPHONEOS_DEPLOYMENT_TARGET = 12.4;
				MTL_ENABLE_DEBUG_INFO = INCLUDE_SOURCE;
				MTL_FAST_MATH = YES;
				ONLY_ACTIVE_ARCH = YES;
				SDKROOT = iphoneos;
				SWIFT_ACTIVE_COMPILATION_CONDITIONS = DEBUG;
				SWIFT_OPTIMIZATION_LEVEL = "-Onone";
			};
			name = Debug;
		};
		F946088F2312B1D4001F80D2 /* Release */ = {
			isa = XCBuildConfiguration;
			buildSettings = {
				ALWAYS_SEARCH_USER_PATHS = NO;
				CLANG_ANALYZER_NONNULL = YES;
				CLANG_ANALYZER_NUMBER_OBJECT_CONVERSION = YES_AGGRESSIVE;
				CLANG_CXX_LANGUAGE_STANDARD = "gnu++14";
				CLANG_CXX_LIBRARY = "libc++";
				CLANG_ENABLE_MODULES = YES;
				CLANG_ENABLE_OBJC_ARC = YES;
				CLANG_ENABLE_OBJC_WEAK = YES;
				CLANG_WARN_BLOCK_CAPTURE_AUTORELEASING = YES;
				CLANG_WARN_BOOL_CONVERSION = YES;
				CLANG_WARN_COMMA = YES;
				CLANG_WARN_CONSTANT_CONVERSION = YES;
				CLANG_WARN_DEPRECATED_OBJC_IMPLEMENTATIONS = YES;
				CLANG_WARN_DIRECT_OBJC_ISA_USAGE = YES_ERROR;
				CLANG_WARN_DOCUMENTATION_COMMENTS = YES;
				CLANG_WARN_EMPTY_BODY = YES;
				CLANG_WARN_ENUM_CONVERSION = YES;
				CLANG_WARN_INFINITE_RECURSION = YES;
				CLANG_WARN_INT_CONVERSION = YES;
				CLANG_WARN_NON_LITERAL_NULL_CONVERSION = YES;
				CLANG_WARN_OBJC_IMPLICIT_RETAIN_SELF = YES;
				CLANG_WARN_OBJC_LITERAL_CONVERSION = YES;
				CLANG_WARN_OBJC_ROOT_CLASS = YES_ERROR;
				CLANG_WARN_RANGE_LOOP_ANALYSIS = YES;
				CLANG_WARN_STRICT_PROTOTYPES = YES;
				CLANG_WARN_SUSPICIOUS_MOVE = YES;
				CLANG_WARN_UNGUARDED_AVAILABILITY = YES_AGGRESSIVE;
				CLANG_WARN_UNREACHABLE_CODE = YES;
				CLANG_WARN__DUPLICATE_METHOD_MATCH = YES;
				CODE_SIGN_IDENTITY = "iPhone Developer";
				COPY_PHASE_STRIP = NO;
				DEBUG_INFORMATION_FORMAT = "dwarf-with-dsym";
				ENABLE_NS_ASSERTIONS = NO;
				ENABLE_STRICT_OBJC_MSGSEND = YES;
				GCC_C_LANGUAGE_STANDARD = gnu11;
				GCC_NO_COMMON_BLOCKS = YES;
				GCC_WARN_64_TO_32_BIT_CONVERSION = YES;
				GCC_WARN_ABOUT_RETURN_TYPE = YES_ERROR;
				GCC_WARN_UNDECLARED_SELECTOR = YES;
				GCC_WARN_UNINITIALIZED_AUTOS = YES_AGGRESSIVE;
				GCC_WARN_UNUSED_FUNCTION = YES;
				GCC_WARN_UNUSED_VARIABLE = YES;
				IPHONEOS_DEPLOYMENT_TARGET = 12.4;
				MTL_ENABLE_DEBUG_INFO = NO;
				MTL_FAST_MATH = YES;
				SDKROOT = iphoneos;
				SWIFT_COMPILATION_MODE = wholemodule;
				SWIFT_OPTIMIZATION_LEVEL = "-O";
				VALIDATE_PRODUCT = YES;
			};
			name = Release;
		};
		F94608912312B1D4001F80D2 /* Debug */ = {
			isa = XCBuildConfiguration;
			buildSettings = {
				ASSETCATALOG_COMPILER_APPICON_NAME = AppIcon;
				CODE_SIGN_STYLE = Automatic;
				INFOPLIST_FILE = "$(SRCROOT)/Synup_Assignment/Resources/Info.plist";
				IPHONEOS_DEPLOYMENT_TARGET = 12.2;
				LD_RUNPATH_SEARCH_PATHS = (
					"$(inherited)",
					"@executable_path/Frameworks",
				);
				PRODUCT_BUNDLE_IDENTIFIER = "com.Apoorv.Synup-Assignment";
				PRODUCT_NAME = "$(TARGET_NAME)";
				SWIFT_VERSION = 5.0;
				TARGETED_DEVICE_FAMILY = "1,2";
			};
			name = Debug;
		};
		F94608922312B1D4001F80D2 /* Release */ = {
			isa = XCBuildConfiguration;
			buildSettings = {
				ASSETCATALOG_COMPILER_APPICON_NAME = AppIcon;
				CODE_SIGN_STYLE = Automatic;
				INFOPLIST_FILE = "$(SRCROOT)/Synup_Assignment/Resources/Info.plist";
				IPHONEOS_DEPLOYMENT_TARGET = 12.2;
				LD_RUNPATH_SEARCH_PATHS = (
					"$(inherited)",
					"@executable_path/Frameworks",
				);
				PRODUCT_BUNDLE_IDENTIFIER = "com.Apoorv.Synup-Assignment";
				PRODUCT_NAME = "$(TARGET_NAME)";
				SWIFT_VERSION = 5.0;
				TARGETED_DEVICE_FAMILY = "1,2";
			};
			name = Release;
		};
		F94608942312B1D4001F80D2 /* Debug */ = {
			isa = XCBuildConfiguration;
			buildSettings = {
				ALWAYS_EMBED_SWIFT_STANDARD_LIBRARIES = YES;
				BUNDLE_LOADER = "$(TEST_HOST)";
				CODE_SIGN_STYLE = Automatic;
				INFOPLIST_FILE = Synup_AssignmentTests/Info.plist;
				LD_RUNPATH_SEARCH_PATHS = (
					"$(inherited)",
					"@executable_path/Frameworks",
					"@loader_path/Frameworks",
				);
				PRODUCT_BUNDLE_IDENTIFIER = "com.Apoorv.Synup-AssignmentTests";
				PRODUCT_NAME = "$(TARGET_NAME)";
				SWIFT_VERSION = 5.0;
				TARGETED_DEVICE_FAMILY = "1,2";
				TEST_HOST = "$(BUILT_PRODUCTS_DIR)/Synup_Assignment.app/Synup_Assignment";
			};
			name = Debug;
		};
		F94608952312B1D4001F80D2 /* Release */ = {
			isa = XCBuildConfiguration;
			buildSettings = {
				ALWAYS_EMBED_SWIFT_STANDARD_LIBRARIES = YES;
				BUNDLE_LOADER = "$(TEST_HOST)";
				CODE_SIGN_STYLE = Automatic;
				INFOPLIST_FILE = Synup_AssignmentTests/Info.plist;
				LD_RUNPATH_SEARCH_PATHS = (
					"$(inherited)",
					"@executable_path/Frameworks",
					"@loader_path/Frameworks",
				);
				PRODUCT_BUNDLE_IDENTIFIER = "com.Apoorv.Synup-AssignmentTests";
				PRODUCT_NAME = "$(TARGET_NAME)";
				SWIFT_VERSION = 5.0;
				TARGETED_DEVICE_FAMILY = "1,2";
				TEST_HOST = "$(BUILT_PRODUCTS_DIR)/Synup_Assignment.app/Synup_Assignment";
			};
			name = Release;
		};
		F94608972312B1D4001F80D2 /* Debug */ = {
			isa = XCBuildConfiguration;
			buildSettings = {
				ALWAYS_EMBED_SWIFT_STANDARD_LIBRARIES = YES;
				CODE_SIGN_STYLE = Automatic;
				INFOPLIST_FILE = Synup_AssignmentUITests/Info.plist;
				LD_RUNPATH_SEARCH_PATHS = (
					"$(inherited)",
					"@executable_path/Frameworks",
					"@loader_path/Frameworks",
				);
				PRODUCT_BUNDLE_IDENTIFIER = "com.Apoorv.Synup-AssignmentUITests";
				PRODUCT_NAME = "$(TARGET_NAME)";
				SWIFT_VERSION = 5.0;
				TARGETED_DEVICE_FAMILY = "1,2";
				TEST_TARGET_NAME = Synup_Assignment;
			};
			name = Debug;
		};
		F94608982312B1D4001F80D2 /* Release */ = {
			isa = XCBuildConfiguration;
			buildSettings = {
				ALWAYS_EMBED_SWIFT_STANDARD_LIBRARIES = YES;
				CODE_SIGN_STYLE = Automatic;
				INFOPLIST_FILE = Synup_AssignmentUITests/Info.plist;
				LD_RUNPATH_SEARCH_PATHS = (
					"$(inherited)",
					"@executable_path/Frameworks",
					"@loader_path/Frameworks",
				);
				PRODUCT_BUNDLE_IDENTIFIER = "com.Apoorv.Synup-AssignmentUITests";
				PRODUCT_NAME = "$(TARGET_NAME)";
				SWIFT_VERSION = 5.0;
				TARGETED_DEVICE_FAMILY = "1,2";
				TEST_TARGET_NAME = Synup_Assignment;
			};
			name = Release;
		};
/* End XCBuildConfiguration section */

/* Begin XCConfigurationList section */
		F94608632312B1D2001F80D2 /* Build configuration list for PBXProject "Synup_Assignment" */ = {
			isa = XCConfigurationList;
			buildConfigurations = (
				F946088E2312B1D4001F80D2 /* Debug */,
				F946088F2312B1D4001F80D2 /* Release */,
			);
			defaultConfigurationIsVisible = 0;
			defaultConfigurationName = Release;
		};
		F94608902312B1D4001F80D2 /* Build configuration list for PBXNativeTarget "Synup_Assignment" */ = {
			isa = XCConfigurationList;
			buildConfigurations = (
				F94608912312B1D4001F80D2 /* Debug */,
				F94608922312B1D4001F80D2 /* Release */,
			);
			defaultConfigurationIsVisible = 0;
			defaultConfigurationName = Release;
		};
		F94608932312B1D4001F80D2 /* Build configuration list for PBXNativeTarget "Synup_AssignmentTests" */ = {
			isa = XCConfigurationList;
			buildConfigurations = (
				F94608942312B1D4001F80D2 /* Debug */,
				F94608952312B1D4001F80D2 /* Release */,
			);
			defaultConfigurationIsVisible = 0;
			defaultConfigurationName = Release;
		};
		F94608962312B1D4001F80D2 /* Build configuration list for PBXNativeTarget "Synup_AssignmentUITests" */ = {
			isa = XCConfigurationList;
			buildConfigurations = (
				F94608972312B1D4001F80D2 /* Debug */,
				F94608982312B1D4001F80D2 /* Release */,
			);
			defaultConfigurationIsVisible = 0;
			defaultConfigurationName = Release;
		};
/* End XCConfigurationList section */
	};
	rootObject = F94608602312B1D2001F80D2 /* Project object */;
}
